
Microsoft Visual Studio Solution File, Format Version 12.00
# Visual Studio 15
VisualStudioVersion = 15.0.28307.2092
MinimumVisualStudioVersion = 10.0.40219.1
Project("{FAE04EC0-301F-11D3-BF4B-00C04F79EFBC}") = "TeknikServis", "TeknikServis\TeknikServis.csproj", "{16188EC3-1B4F-4FA6-BCF6-9506F4F2EE5F}"
EndProject
Project("{54435603-DBB4-11D2-8724-00A0C9A8B90C}") = "TeknikServisOtomasyon", "TeknikServisOtomasyon\TeknikServisOtomasyon.vdproj", "{1019C892-7899-4154-B872-DA526DE8FC8B}"
EndProject
Global
	GlobalSection(SolutionConfigurationPlatforms) = preSolution
		Debug|Any CPU = Debug|Any CPU
		Release|Any CPU = Release|Any CPU
	EndGlobalSection
	GlobalSection(ProjectConfigurationPlatforms) = postSolution
		{16188EC3-1B4F-4FA6-BCF6-9506F4F2EE5F}.Debug|Any CPU.ActiveCfg = Debug|Any CPU
		{16188EC3-1B4F-4FA6-BCF6-9506F4F2EE5F}.Debug|Any CPU.Build.0 = Debug|Any CPU
		{16188EC3-1B4F-4FA6-BCF6-9506F4F2EE5F}.Release|Any CPU.ActiveCfg = Release|Any CPU
		{16188EC3-1B4F-4FA6-BCF6-9506F4F2EE5F}.Release|Any CPU.Build.0 = Release|Any CPU
		{1019C892-7899-4154-B872-DA526DE8FC8B}.Debug|Any CPU.ActiveCfg = Debug
		{1019C892-7899-4154-B872-DA526DE8FC8B}.Release|Any CPU.ActiveCfg = Release
	EndGlobalSection
	GlobalSection(SolutionProperties) = preSolution
		HideSolutionNode = FALSE
	EndGlobalSection
	GlobalSection(ExtensibilityGlobals) = postSolution
		SolutionGuid = {ED16C79C-BF61-4D80-9F4D-BAD1CED04A8F}
	EndGlobalSection
EndGlobal
